
Microsoft Visual Studio Solution File, Format Version 12.00
# Visual Studio Version 16
VisualStudioVersion = 16.0.28917.181
MinimumVisualStudioVersion = 10.0.40219.1
Project("{9A19103F-16F7-4668-BE54-9A1E7A4F7556}") = "Supplementler.Model", "Supplementler.Model\Supplementler.Model.csproj", "{7885437D-C7DB-4F22-8A98-46CEB19656A0}"
EndProject
Project("{9A19103F-16F7-4668-BE54-9A1E7A4F7556}") = "Supplementler.Interface", "Supplementler.Interface\Supplementler.Interface.csproj", "{DAA44FBB-CA72-442A-BBDC-BD3DA3C6E696}"
EndProject
Project("{9A19103F-16F7-4668-BE54-9A1E7A4F7556}") = "Supplementler.Menu.Plugin", "Supplementler.Menu\Supplementler.Menu.Plugin.csproj", "{0647E0DB-D09B-461B-999A-69B3C54CD59E}"
EndProject
Project("{9A19103F-16F7-4668-BE54-9A1E7A4F7556}") = "Supplementler.Widget.Plugin", "Supplementler.Widget\Supplementler.Widget.Plugin.csproj", "{493464FF-0524-4DD2-A95A-2753FAB750C0}"
EndProject
Project("{9A19103F-16F7-4668-BE54-9A1E7A4F7556}") = "Supplementler.Web", "Supplementler.Web\Supplementler.Web.csproj", "{601A2592-8572-4EEB-9794-AA79987A67E2}"
EndProject
Project("{9A19103F-16F7-4668-BE54-9A1E7A4F7556}") = "Supplementler.Business", "Supplementler.Business\Supplementler.Business.csproj", "{C720F4A2-5EFC-4C01-9668-A2EA08F44EE1}"
EndProject
Project("{2150E333-8FDC-42A3-9474-1A3956D46DE8}") = "DLLs", "DLLs", "{63CA6604-6DEE-4A49-870F-5566A56CCA61}"
	ProjectSection(SolutionItems) = preProject
		Supplementler.Menu\bin\Debug\netcoreapp2.1\Supplementler.Menu.Plugin.dll = Supplementler.Menu\bin\Debug\netcoreapp2.1\Supplementler.Menu.Plugin.dll
		Supplementler.Widget\bin\Debug\netcoreapp2.1\Supplementler.Widget.Plugin.dll = Supplementler.Widget\bin\Debug\netcoreapp2.1\Supplementler.Widget.Plugin.dll
	EndProjectSection
EndProject
Global
	GlobalSection(SolutionConfigurationPlatforms) = preSolution
		Debug|Any CPU = Debug|Any CPU
		Release|Any CPU = Release|Any CPU
	EndGlobalSection
	GlobalSection(ProjectConfigurationPlatforms) = postSolution
		{7885437D-C7DB-4F22-8A98-46CEB19656A0}.Debug|Any CPU.ActiveCfg = Debug|Any CPU
		{7885437D-C7DB-4F22-8A98-46CEB19656A0}.Debug|Any CPU.Build.0 = Debug|Any CPU
		{7885437D-C7DB-4F22-8A98-46CEB19656A0}.Release|Any CPU.ActiveCfg = Release|Any CPU
		{7885437D-C7DB-4F22-8A98-46CEB19656A0}.Release|Any CPU.Build.0 = Release|Any CPU
		{DAA44FBB-CA72-442A-BBDC-BD3DA3C6E696}.Debug|Any CPU.ActiveCfg = Debug|Any CPU
		{DAA44FBB-CA72-442A-BBDC-BD3DA3C6E696}.Debug|Any CPU.Build.0 = Debug|Any CPU
		{DAA44FBB-CA72-442A-BBDC-BD3DA3C6E696}.Release|Any CPU.ActiveCfg = Release|Any CPU
		{DAA44FBB-CA72-442A-BBDC-BD3DA3C6E696}.Release|Any CPU.Build.0 = Release|Any CPU
		{0647E0DB-D09B-461B-999A-69B3C54CD59E}.Debug|Any CPU.ActiveCfg = Debug|Any CPU
		{0647E0DB-D09B-461B-999A-69B3C54CD59E}.Debug|Any CPU.Build.0 = Debug|Any CPU
		{0647E0DB-D09B-461B-999A-69B3C54CD59E}.Release|Any CPU.ActiveCfg = Release|Any CPU
		{0647E0DB-D09B-461B-999A-69B3C54CD59E}.Release|Any CPU.Build.0 = Release|Any CPU
		{493464FF-0524-4DD2-A95A-2753FAB750C0}.Debug|Any CPU.ActiveCfg = Debug|Any CPU
		{493464FF-0524-4DD2-A95A-2753FAB750C0}.Debug|Any CPU.Build.0 = Debug|Any CPU
		{493464FF-0524-4DD2-A95A-2753FAB750C0}.Release|Any CPU.ActiveCfg = Release|Any CPU
		{493464FF-0524-4DD2-A95A-2753FAB750C0}.Release|Any CPU.Build.0 = Release|Any CPU
		{601A2592-8572-4EEB-9794-AA79987A67E2}.Debug|Any CPU.ActiveCfg = Debug|Any CPU
		{601A2592-8572-4EEB-9794-AA79987A67E2}.Debug|Any CPU.Build.0 = Debug|Any CPU
		{601A2592-8572-4EEB-9794-AA79987A67E2}.Release|Any CPU.ActiveCfg = Release|Any CPU
		{601A2592-8572-4EEB-9794-AA79987A67E2}.Release|Any CPU.Build.0 = Release|Any CPU
		{C720F4A2-5EFC-4C01-9668-A2EA08F44EE1}.Debug|Any CPU.ActiveCfg = Debug|Any CPU
		{C720F4A2-5EFC-4C01-9668-A2EA08F44EE1}.Debug|Any CPU.Build.0 = Debug|Any CPU
		{C720F4A2-5EFC-4C01-9668-A2EA08F44EE1}.Release|Any CPU.ActiveCfg = Release|Any CPU
		{C720F4A2-5EFC-4C01-9668-A2EA08F44EE1}.Release|Any CPU.Build.0 = Release|Any CPU
	EndGlobalSection
	GlobalSection(SolutionProperties) = preSolution
		HideSolutionNode = FALSE
	EndGlobalSection
	GlobalSection(ExtensibilityGlobals) = postSolution
		SolutionGuid = {B33EB899-70C2-4492-8AE6-FBEA5D065DA1}
	EndGlobalSection
EndGlobal
